// !$*UTF8*$!
{
	archiveVersion = 1;
	classes = {
	};
	objectVersion = 46;
	objects = {

/* Begin PBXBuildFile section */
		0125791216F0CB3A00753F62 /* login.png in Resources */ = {isa = PBXBuildFile; fileRef = 0125791116F0CB3A00753F62 /* login.png */; };
		0125791616F0F02300753F62 /* Dash.png in Resources */ = {isa = PBXBuildFile; fileRef = 0125791516F0F02300753F62 /* Dash.png */; };
		0125791C16F10FF600753F62 /* AppliedJob.png in Resources */ = {isa = PBXBuildFile; fileRef = 0125791B16F10FF600753F62 /* AppliedJob.png */; };
		0125793916F13DE500753F62 /* ECSlidingViewController.m in Sources */ = {isa = PBXBuildFile; fileRef = 0125793616F13DE500753F62 /* ECSlidingViewController.m */; };
		0125793A16F13DE500753F62 /* UIImage+ImageWithUIView.m in Sources */ = {isa = PBXBuildFile; fileRef = 0125793816F13DE500753F62 /* UIImage+ImageWithUIView.m */; };
		01439A2716EF2739003A00B3 /* Const.m in Sources */ = {isa = PBXBuildFile; fileRef = 01439A2616EF2739003A00B3 /* Const.m */; };
		01439A2E16EF28E0003A00B3 /* Service.m in Sources */ = {isa = PBXBuildFile; fileRef = 01439A2D16EF28E0003A00B3 /* Service.m */; };
		01439A4016EFA59C003A00B3 /* Job.m in Sources */ = {isa = PBXBuildFile; fileRef = 01439A3F16EFA59C003A00B3 /* Job.m */; };
		01439A4416EFA790003A00B3 /* Applicant.m in Sources */ = {isa = PBXBuildFile; fileRef = 01439A4316EFA790003A00B3 /* Applicant.m */; };
		01439A4716EFB540003A00B3 /* Organization.m in Sources */ = {isa = PBXBuildFile; fileRef = 01439A4616EFB540003A00B3 /* Organization.m */; };
		014B92E116EB997D007F82FD /* UIKit.framework in Frameworks */ = {isa = PBXBuildFile; fileRef = 014B92E016EB997D007F82FD /* UIKit.framework */; };
		014B92E316EB997D007F82FD /* Foundation.framework in Frameworks */ = {isa = PBXBuildFile; fileRef = 014B92E216EB997D007F82FD /* Foundation.framework */; };
		014B92E516EB997D007F82FD /* CoreGraphics.framework in Frameworks */ = {isa = PBXBuildFile; fileRef = 014B92E416EB997D007F82FD /* CoreGraphics.framework */; };
		014B92EB16EB997D007F82FD /* InfoPlist.strings in Resources */ = {isa = PBXBuildFile; fileRef = 014B92E916EB997D007F82FD /* InfoPlist.strings */; };
		014B92ED16EB997D007F82FD /* main.m in Sources */ = {isa = PBXBuildFile; fileRef = 014B92EC16EB997D007F82FD /* main.m */; };
		014B92F116EB997D007F82FD /* AppDelegate.m in Sources */ = {isa = PBXBuildFile; fileRef = 014B92F016EB997D007F82FD /* AppDelegate.m */; };
		014B92F516EB997D007F82FD /* Default@2x.png in Resources */ = {isa = PBXBuildFile; fileRef = 014B92F416EB997D007F82FD /* Default@2x.png */; };
		014B92F716EB997D007F82FD /* Default-568h@2x.png in Resources */ = {isa = PBXBuildFile; fileRef = 014B92F616EB997D007F82FD /* Default-568h@2x.png */; };
		014B92FD16EB997D007F82FD /* ViewController.m in Sources */ = {isa = PBXBuildFile; fileRef = 014B92FC16EB997D007F82FD /* ViewController.m */; };
		014B932B16EBB549007F82FD /* usermenusviewcontroller.m in Sources */ = {isa = PBXBuildFile; fileRef = 014B932A16EBB549007F82FD /* usermenusviewcontroller.m */; };
		014B933016EBB5C6007F82FD /* menuitems.m in Sources */ = {isa = PBXBuildFile; fileRef = 014B932F16EBB5C6007F82FD /* menuitems.m */; };
		014B933416EBB607007F82FD /* userdashboard.m in Sources */ = {isa = PBXBuildFile; fileRef = 014B933316EBB607007F82FD /* userdashboard.m */; };
		014B933C16EBBF3F007F82FD /* menuButton@2x.png in Resources */ = {isa = PBXBuildFile; fileRef = 014B933B16EBBF3F007F82FD /* menuButton@2x.png */; };
		016A3E3816EEDDAE0013ECDB /* PieChart.m in Sources */ = {isa = PBXBuildFile; fileRef = 016A3E3516EEDC970013ECDB /* PieChart.m */; };
		016F522E16F3C37D0060E18E /* Applied.png in Resources */ = {isa = PBXBuildFile; fileRef = 016F522D16F3C37D0060E18E /* Applied.png */; };
		016F523016F3C3820060E18E /* Apply.png in Resources */ = {isa = PBXBuildFile; fileRef = 016F522F16F3C3820060E18E /* Apply.png */; };
		016F523316F3EA980060E18E /* UserInformation.m in Sources */ = {isa = PBXBuildFile; fileRef = 016F523216F3EA980060E18E /* UserInformation.m */; };
		0170EF5416EED56F0099A14D /* QuartzCore.framework in Frameworks */ = {isa = PBXBuildFile; fileRef = 0170EF5316EED56F0099A14D /* QuartzCore.framework */; };
		019CE3E716F232FA0014F91D /* Company.png in Resources */ = {isa = PBXBuildFile; fileRef = 019CE3E616F232FA0014F91D /* Company.png */; };
		019CE3EB16F249150014F91D /* TableBG.png in Resources */ = {isa = PBXBuildFile; fileRef = 019CE3EA16F249150014F91D /* TableBG.png */; };
		019CE3ED16F24A030014F91D /* Default.png in Resources */ = {isa = PBXBuildFile; fileRef = 019CE3EC16F24A030014F91D /* Default.png */; };
		019CE3EF16F25DB20014F91D /* CoreMotion.framework in Frameworks */ = {isa = PBXBuildFile; fileRef = 019CE3EE16F25DB20014F91D /* CoreMotion.framework */; };
		019CE3F116F288B50014F91D /* Applicants in queue.png in Resources */ = {isa = PBXBuildFile; fileRef = 019CE3F016F288B50014F91D /* Applicants in queue.png */; };
		01B8810316EBDBB20058509D /* CompanyInfo.m in Sources */ = {isa = PBXBuildFile; fileRef = 01B8810216EBDBB20058509D /* CompanyInfo.m */; };
		01B8810716EBE0AF0058509D /* companymenusviewcontroller.m in Sources */ = {isa = PBXBuildFile; fileRef = 01B8810616EBE0AF0058509D /* companymenusviewcontroller.m */; };
		01B8810B16EBE0DF0058509D /* companymenuitems.m in Sources */ = {isa = PBXBuildFile; fileRef = 01B8810A16EBE0DF0058509D /* companymenuitems.m */; };
		01B8810F16EBE1A20058509D /* companydashboard.m in Sources */ = {isa = PBXBuildFile; fileRef = 01B8810E16EBE1A20058509D /* companydashboard.m */; };
		01B8811316EBFC0F0058509D /* InQueue.m in Sources */ = {isa = PBXBuildFile; fileRef = 01B8811216EBFC0E0058509D /* InQueue.m */; };
		01DCE1D316EFF98A003FB482 /* AppliedJob.m in Sources */ = {isa = PBXBuildFile; fileRef = 01439A5C16EFF77A003A00B3 /* AppliedJob.m */; };
		01DF113C16EED736004E8E23 /* MainStoryboard.storyboard in Resources */ = {isa = PBXBuildFile; fileRef = 01DF113A16EED736004E8E23 /* MainStoryboard.storyboard */; };
		A96EE73616EF5D4E00281CF9 /* view.jpg in Resources */ = {isa = PBXBuildFile; fileRef = A96EE73516EF5D4E00281CF9 /* view.jpg */; };
/* End PBXBuildFile section */

/* Begin PBXFileReference section */
		0125791116F0CB3A00753F62 /* login.png */ = {isa = PBXFileReference; lastKnownFileType = image.png; path = login.png; sourceTree = "<group>"; };
		0125791516F0F02300753F62 /* Dash.png */ = {isa = PBXFileReference; lastKnownFileType = image.png; path = Dash.png; sourceTree = "<group>"; };
		0125791B16F10FF600753F62 /* AppliedJob.png */ = {isa = PBXFileReference; lastKnownFileType = image.png; path = AppliedJob.png; sourceTree = "<group>"; };
		0125793516F13DE500753F62 /* ECSlidingViewController.h */ = {isa = PBXFileReference; fileEncoding = 4; lastKnownFileType = sourcecode.c.h; path = ECSlidingViewController.h; sourceTree = "<group>"; };
		0125793616F13DE500753F62 /* ECSlidingViewController.m */ = {isa = PBXFileReference; fileEncoding = 4; lastKnownFileType = sourcecode.c.objc; path = ECSlidingViewController.m; sourceTree = "<group>"; };
		0125793716F13DE500753F62 /* UIImage+ImageWithUIView.h */ = {isa = PBXFileReference; fileEncoding = 4; lastKnownFileType = sourcecode.c.h; path = "UIImage+ImageWithUIView.h"; sourceTree = "<group>"; };
		0125793816F13DE500753F62 /* UIImage+ImageWithUIView.m */ = {isa = PBXFileReference; fileEncoding = 4; lastKnownFileType = sourcecode.c.objc; path = "UIImage+ImageWithUIView.m"; sourceTree = "<group>"; };
		01439A2516EF2739003A00B3 /* Const.h */ = {isa = PBXFileReference; fileEncoding = 4; lastKnownFileType = sourcecode.c.h; path = Const.h; sourceTree = "<group>"; };
		01439A2616EF2739003A00B3 /* Const.m */ = {isa = PBXFileReference; fileEncoding = 4; lastKnownFileType = sourcecode.c.objc; path = Const.m; sourceTree = "<group>"; };
		01439A2C16EF28E0003A00B3 /* Service.h */ = {isa = PBXFileReference; fileEncoding = 4; lastKnownFileType = sourcecode.c.h; path = Service.h; sourceTree = "<group>"; };
		01439A2D16EF28E0003A00B3 /* Service.m */ = {isa = PBXFileReference; fileEncoding = 4; lastKnownFileType = sourcecode.c.objc; path = Service.m; sourceTree = "<group>"; };
		01439A3E16EFA59C003A00B3 /* Job.h */ = {isa = PBXFileReference; fileEncoding = 4; lastKnownFileType = sourcecode.c.h; path = Job.h; sourceTree = "<group>"; };
		01439A3F16EFA59C003A00B3 /* Job.m */ = {isa = PBXFileReference; fileEncoding = 4; lastKnownFileType = sourcecode.c.objc; path = Job.m; sourceTree = "<group>"; };
		01439A4216EFA790003A00B3 /* Applicant.h */ = {isa = PBXFileReference; fileEncoding = 4; lastKnownFileType = sourcecode.c.h; path = Applicant.h; sourceTree = "<group>"; };
		01439A4316EFA790003A00B3 /* Applicant.m */ = {isa = PBXFileReference; fileEncoding = 4; lastKnownFileType = sourcecode.c.objc; path = Applicant.m; sourceTree = "<group>"; };
		01439A4516EFB540003A00B3 /* Organization.h */ = {isa = PBXFileReference; fileEncoding = 4; lastKnownFileType = sourcecode.c.h; path = Organization.h; sourceTree = "<group>"; };
		01439A4616EFB540003A00B3 /* Organization.m */ = {isa = PBXFileReference; fileEncoding = 4; lastKnownFileType = sourcecode.c.objc; path = Organization.m; sourceTree = "<group>"; };
		01439A5B16EFF77A003A00B3 /* AppliedJob.h */ = {isa = PBXFileReference; fileEncoding = 4; lastKnownFileType = sourcecode.c.h; path = AppliedJob.h; sourceTree = "<group>"; };
		01439A5C16EFF77A003A00B3 /* AppliedJob.m */ = {isa = PBXFileReference; fileEncoding = 4; lastKnownFileType = sourcecode.c.objc; path = AppliedJob.m; sourceTree = "<group>"; };
		014B92DC16EB997D007F82FD /* iosChallenge.app */ = {isa = PBXFileReference; explicitFileType = wrapper.application; includeInIndex = 0; path = iosChallenge.app; sourceTree = BUILT_PRODUCTS_DIR; };
		014B92E016EB997D007F82FD /* UIKit.framework */ = {isa = PBXFileReference; lastKnownFileType = wrapper.framework; name = UIKit.framework; path = System/Library/Frameworks/UIKit.framework; sourceTree = SDKROOT; };
		014B92E216EB997D007F82FD /* Foundation.framework */ = {isa = PBXFileReference; lastKnownFileType = wrapper.framework; name = Foundation.framework; path = System/Library/Frameworks/Foundation.framework; sourceTree = SDKROOT; };
		014B92E416EB997D007F82FD /* CoreGraphics.framework */ = {isa = PBXFileReference; lastKnownFileType = wrapper.framework; name = CoreGraphics.framework; path = System/Library/Frameworks/CoreGraphics.framework; sourceTree = SDKROOT; };
		014B92E816EB997D007F82FD /* iosChallenge-Info.plist */ = {isa = PBXFileReference; lastKnownFileType = text.plist.xml; path = "iosChallenge-Info.plist"; sourceTree = "<group>"; };
		014B92EA16EB997D007F82FD /* en */ = {isa = PBXFileReference; lastKnownFileType = text.plist.strings; name = en; path = en.lproj/InfoPlist.strings; sourceTree = "<group>"; };
		014B92EC16EB997D007F82FD /* main.m */ = {isa = PBXFileReference; lastKnownFileType = sourcecode.c.objc; path = main.m; sourceTree = "<group>"; };
		014B92EE16EB997D007F82FD /* iosChallenge-Prefix.pch */ = {isa = PBXFileReference; lastKnownFileType = sourcecode.c.h; path = "iosChallenge-Prefix.pch"; sourceTree = "<group>"; };
		014B92EF16EB997D007F82FD /* AppDelegate.h */ = {isa = PBXFileReference; lastKnownFileType = sourcecode.c.h; path = AppDelegate.h; sourceTree = "<group>"; };
		014B92F016EB997D007F82FD /* AppDelegate.m */ = {isa = PBXFileReference; lastKnownFileType = sourcecode.c.objc; path = AppDelegate.m; sourceTree = "<group>"; };
		014B92F416EB997D007F82FD /* Default@2x.png */ = {isa = PBXFileReference; lastKnownFileType = image.png; path = "Default@2x.png"; sourceTree = "<group>"; };
		014B92F616EB997D007F82FD /* Default-568h@2x.png */ = {isa = PBXFileReference; lastKnownFileType = image.png; path = "Default-568h@2x.png"; sourceTree = "<group>"; };
		014B92FB16EB997D007F82FD /* ViewController.h */ = {isa = PBXFileReference; lastKnownFileType = sourcecode.c.h; path = ViewController.h; sourceTree = "<group>"; };
		014B92FC16EB997D007F82FD /* ViewController.m */ = {isa = PBXFileReference; lastKnownFileType = sourcecode.c.objc; path = ViewController.m; sourceTree = "<group>"; };
		014B932916EBB549007F82FD /* usermenusviewcontroller.h */ = {isa = PBXFileReference; fileEncoding = 4; lastKnownFileType = sourcecode.c.h; name = usermenusviewcontroller.h; path = iosChallenge/usermenusviewcontroller.h; sourceTree = "<group>"; };
		014B932A16EBB549007F82FD /* usermenusviewcontroller.m */ = {isa = PBXFileReference; fileEncoding = 4; lastKnownFileType = sourcecode.c.objc; name = usermenusviewcontroller.m; path = iosChallenge/usermenusviewcontroller.m; sourceTree = "<group>"; };
		014B932E16EBB5C6007F82FD /* menuitems.h */ = {isa = PBXFileReference; fileEncoding = 4; lastKnownFileType = sourcecode.c.h; path = menuitems.h; sourceTree = "<group>"; };
		014B932F16EBB5C6007F82FD /* menuitems.m */ = {isa = PBXFileReference; fileEncoding = 4; lastKnownFileType = sourcecode.c.objc; path = menuitems.m; sourceTree = "<group>"; };
		014B933216EBB607007F82FD /* userdashboard.h */ = {isa = PBXFileReference; fileEncoding = 4; lastKnownFileType = sourcecode.c.h; path = userdashboard.h; sourceTree = "<group>"; };
		014B933316EBB607007F82FD /* userdashboard.m */ = {isa = PBXFileReference; fileEncoding = 4; lastKnownFileType = sourcecode.c.objc; path = userdashboard.m; sourceTree = "<group>"; };
		014B933B16EBBF3F007F82FD /* menuButton@2x.png */ = {isa = PBXFileReference; lastKnownFileType = image.png; path = "menuButton@2x.png"; sourceTree = "<group>"; };
		016A3E3416EEDC970013ECDB /* PieChart.h */ = {isa = PBXFileReference; fileEncoding = 4; lastKnownFileType = sourcecode.c.h; path = PieChart.h; sourceTree = "<group>"; };
		016A3E3516EEDC970013ECDB /* PieChart.m */ = {isa = PBXFileReference; fileEncoding = 4; lastKnownFileType = sourcecode.c.objc; path = PieChart.m; sourceTree = "<group>"; };
		016F522D16F3C37D0060E18E /* Applied.png */ = {isa = PBXFileReference; lastKnownFileType = image.png; path = Applied.png; sourceTree = "<group>"; };
		016F522F16F3C3820060E18E /* Apply.png */ = {isa = PBXFileReference; lastKnownFileType = image.png; path = Apply.png; sourceTree = "<group>"; };
		016F523116F3EA980060E18E /* UserInformation.h */ = {isa = PBXFileReference; fileEncoding = 4; lastKnownFileType = sourcecode.c.h; path = UserInformation.h; sourceTree = "<group>"; };
		016F523216F3EA980060E18E /* UserInformation.m */ = {isa = PBXFileReference; fileEncoding = 4; lastKnownFileType = sourcecode.c.objc; path = UserInformation.m; sourceTree = "<group>"; };
		0170EF5316EED56F0099A14D /* QuartzCore.framework */ = {isa = PBXFileReference; lastKnownFileType = wrapper.framework; name = QuartzCore.framework; path = System/Library/Frameworks/QuartzCore.framework; sourceTree = SDKROOT; };
		019CE3E616F232FA0014F91D /* Company.png */ = {isa = PBXFileReference; lastKnownFileType = image.png; path = Company.png; sourceTree = "<group>"; };
		019CE3EA16F249150014F91D /* TableBG.png */ = {isa = PBXFileReference; lastKnownFileType = image.png; path = TableBG.png; sourceTree = "<group>"; };
		019CE3EC16F24A030014F91D /* Default.png */ = {isa = PBXFileReference; lastKnownFileType = image.png; path = Default.png; sourceTree = "<group>"; };
		019CE3EE16F25DB20014F91D /* CoreMotion.framework */ = {isa = PBXFileReference; lastKnownFileType = wrapper.framework; name = CoreMotion.framework; path = System/Library/Frameworks/CoreMotion.framework; sourceTree = SDKROOT; };
		019CE3F016F288B50014F91D /* Applicants in queue.png */ = {isa = PBXFileReference; lastKnownFileType = image.png; path = "Applicants in queue.png"; sourceTree = "<group>"; };
		01B8810116EBDBB20058509D /* CompanyInfo.h */ = {isa = PBXFileReference; fileEncoding = 4; lastKnownFileType = sourcecode.c.h; path = CompanyInfo.h; sourceTree = "<group>"; };
		01B8810216EBDBB20058509D /* CompanyInfo.m */ = {isa = PBXFileReference; fileEncoding = 4; lastKnownFileType = sourcecode.c.objc; path = CompanyInfo.m; sourceTree = "<group>"; };
		01B8810516EBE0AF0058509D /* companymenusviewcontroller.h */ = {isa = PBXFileReference; fileEncoding = 4; lastKnownFileType = sourcecode.c.h; path = companymenusviewcontroller.h; sourceTree = "<group>"; };
		01B8810616EBE0AF0058509D /* companymenusviewcontroller.m */ = {isa = PBXFileReference; fileEncoding = 4; lastKnownFileType = sourcecode.c.objc; path = companymenusviewcontroller.m; sourceTree = "<group>"; };
		01B8810916EBE0DF0058509D /* companymenuitems.h */ = {isa = PBXFileReference; fileEncoding = 4; lastKnownFileType = sourcecode.c.h; path = companymenuitems.h; sourceTree = "<group>"; };
		01B8810A16EBE0DF0058509D /* companymenuitems.m */ = {isa = PBXFileReference; fileEncoding = 4; lastKnownFileType = sourcecode.c.objc; path = companymenuitems.m; sourceTree = "<group>"; };
		01B8810D16EBE1A20058509D /* companydashboard.h */ = {isa = PBXFileReference; fileEncoding = 4; lastKnownFileType = sourcecode.c.h; path = companydashboard.h; sourceTree = "<group>"; };
		01B8810E16EBE1A20058509D /* companydashboard.m */ = {isa = PBXFileReference; fileEncoding = 4; lastKnownFileType = sourcecode.c.objc; path = companydashboard.m; sourceTree = "<group>"; };
		01B8811116EBFC0E0058509D /* InQueue.h */ = {isa = PBXFileReference; fileEncoding = 4; lastKnownFileType = sourcecode.c.h; path = InQueue.h; sourceTree = "<group>"; };
		01B8811216EBFC0E0058509D /* InQueue.m */ = {isa = PBXFileReference; fileEncoding = 4; lastKnownFileType = sourcecode.c.objc; path = InQueue.m; sourceTree = "<group>"; };
		01DF113B16EED736004E8E23 /* en */ = {isa = PBXFileReference; lastKnownFileType = file.storyboard; name = en; path = iosChallenge/en.lproj/MainStoryboard.storyboard; sourceTree = "<group>"; };
		A96EE73216EF565700281CF9 /* ServiceProtocol.h */ = {isa = PBXFileReference; fileEncoding = 4; lastKnownFileType = sourcecode.c.h; path = ServiceProtocol.h; sourceTree = "<group>"; };
		A96EE73516EF5D4E00281CF9 /* view.jpg */ = {isa = PBXFileReference; lastKnownFileType = image.jpeg; path = view.jpg; sourceTree = "<group>"; };
/* End PBXFileReference section */

/* Begin PBXFrameworksBuildPhase section */
		014B92D916EB997D007F82FD /* Frameworks */ = {
			isa = PBXFrameworksBuildPhase;
			buildActionMask = 2147483647;
			files = (
				019CE3EF16F25DB20014F91D /* CoreMotion.framework in Frameworks */,
				0170EF5416EED56F0099A14D /* QuartzCore.framework in Frameworks */,
				014B92E116EB997D007F82FD /* UIKit.framework in Frameworks */,
				014B92E316EB997D007F82FD /* Foundation.framework in Frameworks */,
				014B92E516EB997D007F82FD /* CoreGraphics.framework in Frameworks */,
			);
			runOnlyForDeploymentPostprocessing = 0;
		};
/* End PBXFrameworksBuildPhase section */

/* Begin PBXGroup section */
		0125793416F13DE500753F62 /* ECSlidingViewController */ = {
			isa = PBXGroup;
			children = (
				0125793516F13DE500753F62 /* ECSlidingViewController.h */,
				0125793616F13DE500753F62 /* ECSlidingViewController.m */,
				0125793716F13DE500753F62 /* UIImage+ImageWithUIView.h */,
				0125793816F13DE500753F62 /* UIImage+ImageWithUIView.m */,
			);
			path = ECSlidingViewController;
			sourceTree = "<group>";
		};
		014B92D116EB997D007F82FD = {
			isa = PBXGroup;
			children = (
				016F523116F3EA980060E18E /* UserInformation.h */,
				016F523216F3EA980060E18E /* UserInformation.m */,
				A96EE73116EF561000281CF9 /* Protocols */,
				015ED22416EF2177001E2E97 /* Services */,
				015ED22316EF216F001E2E97 /* Models */,
				015ED22216EF20D2001E2E97 /* Controllers */,
				014B92E616EB997D007F82FD /* iosChallenge */,
				014B92DF16EB997D007F82FD /* Frameworks */,
				014B92DD16EB997D007F82FD /* Products */,
			);
			sourceTree = "<group>";
		};
		014B92DD16EB997D007F82FD /* Products */ = {
			isa = PBXGroup;
			children = (
				014B92DC16EB997D007F82FD /* iosChallenge.app */,
			);
			name = Products;
			sourceTree = "<group>";
		};
		014B92DF16EB997D007F82FD /* Frameworks */ = {
			isa = PBXGroup;
			children = (
				019CE3EE16F25DB20014F91D /* CoreMotion.framework */,
				0170EF5316EED56F0099A14D /* QuartzCore.framework */,
				014B92E016EB997D007F82FD /* UIKit.framework */,
				014B92E216EB997D007F82FD /* Foundation.framework */,
				014B92E416EB997D007F82FD /* CoreGraphics.framework */,
			);
			name = Frameworks;
			sourceTree = "<group>";
		};
		014B92E616EB997D007F82FD /* iosChallenge */ = {
			isa = PBXGroup;
			children = (
				014B92EF16EB997D007F82FD /* AppDelegate.h */,
				014B92F016EB997D007F82FD /* AppDelegate.m */,
				0125793416F13DE500753F62 /* ECSlidingViewController */,
				014B92FB16EB997D007F82FD /* ViewController.h */,
				014B92FC16EB997D007F82FD /* ViewController.m */,
				014B92E716EB997D007F82FD /* Supporting Files */,
			);
			path = iosChallenge;
			sourceTree = "<group>";
		};
		014B92E716EB997D007F82FD /* Supporting Files */ = {
			isa = PBXGroup;
			children = (
				A96EE73516EF5D4E00281CF9 /* view.jpg */,
				014B92E816EB997D007F82FD /* iosChallenge-Info.plist */,
				014B933B16EBBF3F007F82FD /* menuButton@2x.png */,
				0125791B16F10FF600753F62 /* AppliedJob.png */,
				0125791116F0CB3A00753F62 /* login.png */,
				0125791516F0F02300753F62 /* Dash.png */,
				016F522D16F3C37D0060E18E /* Applied.png */,
				016F522F16F3C3820060E18E /* Apply.png */,
				019CE3F016F288B50014F91D /* Applicants in queue.png */,
				019CE3E616F232FA0014F91D /* Company.png */,
				01DF113A16EED736004E8E23 /* MainStoryboard.storyboard */,
				019CE3EC16F24A030014F91D /* Default.png */,
				019CE3EA16F249150014F91D /* TableBG.png */,
				014B92E916EB997D007F82FD /* InfoPlist.strings */,
				014B92EC16EB997D007F82FD /* main.m */,
				014B92EE16EB997D007F82FD /* iosChallenge-Prefix.pch */,
				014B92F416EB997D007F82FD /* Default@2x.png */,
				014B92F616EB997D007F82FD /* Default-568h@2x.png */,
			);
			name = "Supporting Files";
			sourceTree = "<group>";
		};
		014B932C16EBB564007F82FD /* usermenu */ = {
			isa = PBXGroup;
			children = (
				014B932916EBB549007F82FD /* usermenusviewcontroller.h */,
				014B932A16EBB549007F82FD /* usermenusviewcontroller.m */,
			);
			name = usermenu;
			sourceTree = "<group>";
		};
		014B932D16EBB5AA007F82FD /* menutable */ = {
			isa = PBXGroup;
			children = (
				014B932E16EBB5C6007F82FD /* menuitems.h */,
				014B932F16EBB5C6007F82FD /* menuitems.m */,
			);
			name = menutable;
			sourceTree = "<group>";
		};
		014B933116EBB5D4007F82FD /* applicant */ = {
			isa = PBXGroup;
			children = (
				01B8810016EBDB9E0058509D /* CompanyInfo */,
				014B932D16EBB5AA007F82FD /* menutable */,
				01B8811016EBFBEB0058509D /* inqueue */,
				014B932C16EBB564007F82FD /* usermenu */,
				01B880F916EBD8230058509D /* AppliedJob */,
				014B933216EBB607007F82FD /* userdashboard.h */,
				014B933316EBB607007F82FD /* userdashboard.m */,
			);
			name = applicant;
			sourceTree = "<group>";
		};
		015ED22016EF205F001E2E97 /* PieChart */ = {
			isa = PBXGroup;
			children = (
				016A3E3416EEDC970013ECDB /* PieChart.h */,
				016A3E3516EEDC970013ECDB /* PieChart.m */,
			);
			name = PieChart;
			sourceTree = "<group>";
		};
		015ED22216EF20D2001E2E97 /* Controllers */ = {
			isa = PBXGroup;
			children = (
				015ED22016EF205F001E2E97 /* PieChart */,
				01B8810C16EBE0E50058509D /* company */,
				014B933116EBB5D4007F82FD /* applicant */,
			);
			name = Controllers;
			sourceTree = "<group>";
		};
		015ED22316EF216F001E2E97 /* Models */ = {
			isa = PBXGroup;
			children = (
				01439A4516EFB540003A00B3 /* Organization.h */,
				01439A4616EFB540003A00B3 /* Organization.m */,
				01439A4216EFA790003A00B3 /* Applicant.h */,
				01439A4316EFA790003A00B3 /* Applicant.m */,
				01439A3E16EFA59C003A00B3 /* Job.h */,
				01439A3F16EFA59C003A00B3 /* Job.m */,
			);
			name = Models;
			sourceTree = "<group>";
		};
		015ED22416EF2177001E2E97 /* Services */ = {
			isa = PBXGroup;
			children = (
				01439A2C16EF28E0003A00B3 /* Service.h */,
				01439A2D16EF28E0003A00B3 /* Service.m */,
				01439A2516EF2739003A00B3 /* Const.h */,
				01439A2616EF2739003A00B3 /* Const.m */,
			);
			name = Services;
			sourceTree = "<group>";
		};
		01B880F916EBD8230058509D /* AppliedJob */ = {
			isa = PBXGroup;
			children = (
				01439A5B16EFF77A003A00B3 /* AppliedJob.h */,
				01439A5C16EFF77A003A00B3 /* AppliedJob.m */,
			);
			name = AppliedJob;
			sourceTree = "<group>";
		};
		01B8810016EBDB9E0058509D /* CompanyInfo */ = {
			isa = PBXGroup;
			children = (
				01B8810116EBDBB20058509D /* CompanyInfo.h */,
				01B8810216EBDBB20058509D /* CompanyInfo.m */,
			);
			name = CompanyInfo;
			sourceTree = "<group>";
		};
		01B8810416EBE06F0058509D /* companymenu */ = {
			isa = PBXGroup;
			children = (
				01B8810516EBE0AF0058509D /* companymenusviewcontroller.h */,
				01B8810616EBE0AF0058509D /* companymenusviewcontroller.m */,
			);
			name = companymenu;
			sourceTree = "<group>";
		};
		01B8810816EBE0B80058509D /* company menuitems */ = {
			isa = PBXGroup;
			children = (
				01B8810916EBE0DF0058509D /* companymenuitems.h */,
				01B8810A16EBE0DF0058509D /* companymenuitems.m */,
			);
			name = "company menuitems";
			sourceTree = "<group>";
		};
		01B8810C16EBE0E50058509D /* company */ = {
			isa = PBXGroup;
			children = (
				01B8810416EBE06F0058509D /* companymenu */,
				01B8810816EBE0B80058509D /* company menuitems */,
				01B8810D16EBE1A20058509D /* companydashboard.h */,
				01B8810E16EBE1A20058509D /* companydashboard.m */,
			);
			name = company;
			sourceTree = "<group>";
		};
		01B8811016EBFBEB0058509D /* inqueue */ = {
			isa = PBXGroup;
			children = (
				01B8811116EBFC0E0058509D /* InQueue.h */,
				01B8811216EBFC0E0058509D /* InQueue.m */,
			);
			name = inqueue;
			sourceTree = "<group>";
		};
		A96EE73116EF561000281CF9 /* Protocols */ = {
			isa = PBXGroup;
			children = (
				A96EE73216EF565700281CF9 /* ServiceProtocol.h */,
			);
			name = Protocols;
			sourceTree = "<group>";
		};
/* End PBXGroup section */

/* Begin PBXNativeTarget section */
		014B92DB16EB997D007F82FD /* iosChallenge */ = {
			isa = PBXNativeTarget;
			buildConfigurationList = 014B930016EB997D007F82FD /* Build configuration list for PBXNativeTarget "iosChallenge" */;
			buildPhases = (
				014B92D816EB997D007F82FD /* Sources */,
				014B92D916EB997D007F82FD /* Frameworks */,
				014B92DA16EB997D007F82FD /* Resources */,
			);
			buildRules = (
			);
			dependencies = (
			);
			name = iosChallenge;
			productName = iosChallenge;
			productReference = 014B92DC16EB997D007F82FD /* iosChallenge.app */;
			productType = "com.apple.product-type.application";
		};
/* End PBXNativeTarget section */

/* Begin PBXProject section */
		014B92D316EB997D007F82FD /* Project object */ = {
			isa = PBXProject;
			attributes = {
				LastUpgradeCheck = 0450;
				ORGANIZATIONNAME = "Roshan Balaji Nindrai SenthilNathan";
			};
			buildConfigurationList = 014B92D616EB997D007F82FD /* Build configuration list for PBXProject "iosChallenge" */;
			compatibilityVersion = "Xcode 3.2";
			developmentRegion = English;
			hasScannedForEncodings = 0;
			knownRegions = (
				en,
			);
			mainGroup = 014B92D116EB997D007F82FD;
			productRefGroup = 014B92DD16EB997D007F82FD /* Products */;
			projectDirPath = "";
			projectRoot = "";
			targets = (
				014B92DB16EB997D007F82FD /* iosChallenge */,
			);
		};
/* End PBXProject section */

/* Begin PBXResourcesBuildPhase section */
		014B92DA16EB997D007F82FD /* Resources */ = {
			isa = PBXResourcesBuildPhase;
			buildActionMask = 2147483647;
			files = (
				014B92EB16EB997D007F82FD /* InfoPlist.strings in Resources */,
				014B92F516EB997D007F82FD /* Default@2x.png in Resources */,
				014B92F716EB997D007F82FD /* Default-568h@2x.png in Resources */,
				014B933C16EBBF3F007F82FD /* menuButton@2x.png in Resources */,
				01DF113C16EED736004E8E23 /* MainStoryboard.storyboard in Resources */,
				A96EE73616EF5D4E00281CF9 /* view.jpg in Resources */,
				0125791216F0CB3A00753F62 /* login.png in Resources */,
				0125791616F0F02300753F62 /* Dash.png in Resources */,
				0125791C16F10FF600753F62 /* AppliedJob.png in Resources */,
				019CE3E716F232FA0014F91D /* Company.png in Resources */,
				019CE3EB16F249150014F91D /* TableBG.png in Resources */,
				019CE3ED16F24A030014F91D /* Default.png in Resources */,
				019CE3F116F288B50014F91D /* Applicants in queue.png in Resources */,
				016F522E16F3C37D0060E18E /* Applied.png in Resources */,
				016F523016F3C3820060E18E /* Apply.png in Resources */,
			);
			runOnlyForDeploymentPostprocessing = 0;
		};
/* End PBXResourcesBuildPhase section */

/* Begin PBXSourcesBuildPhase section */
		014B92D816EB997D007F82FD /* Sources */ = {
			isa = PBXSourcesBuildPhase;
			buildActionMask = 2147483647;
			files = (
				01DCE1D316EFF98A003FB482 /* AppliedJob.m in Sources */,
				016A3E3816EEDDAE0013ECDB /* PieChart.m in Sources */,
				014B92ED16EB997D007F82FD /* main.m in Sources */,
				014B92F116EB997D007F82FD /* AppDelegate.m in Sources */,
				014B92FD16EB997D007F82FD /* ViewController.m in Sources */,
				014B932B16EBB549007F82FD /* usermenusviewcontroller.m in Sources */,
				014B933016EBB5C6007F82FD /* menuitems.m in Sources */,
				014B933416EBB607007F82FD /* userdashboard.m in Sources */,
				01B8810316EBDBB20058509D /* CompanyInfo.m in Sources */,
				01B8810716EBE0AF0058509D /* companymenusviewcontroller.m in Sources */,
				01B8810B16EBE0DF0058509D /* companymenuitems.m in Sources */,
				01B8810F16EBE1A20058509D /* companydashboard.m in Sources */,
				01B8811316EBFC0F0058509D /* InQueue.m in Sources */,
				01439A2716EF2739003A00B3 /* Const.m in Sources */,
				01439A2E16EF28E0003A00B3 /* Service.m in Sources */,
				01439A4016EFA59C003A00B3 /* Job.m in Sources */,
				01439A4416EFA790003A00B3 /* Applicant.m in Sources */,
				01439A4716EFB540003A00B3 /* Organization.m in Sources */,
				0125793916F13DE500753F62 /* ECSlidingViewController.m in Sources */,
				0125793A16F13DE500753F62 /* UIImage+ImageWithUIView.m in Sources */,
				016F523316F3EA980060E18E /* UserInformation.m in Sources */,
			);
			runOnlyForDeploymentPostprocessing = 0;
		};
/* End PBXSourcesBuildPhase section */

/* Begin PBXVariantGroup section */
		014B92E916EB997D007F82FD /* InfoPlist.strings */ = {
			isa = PBXVariantGroup;
			children = (
				014B92EA16EB997D007F82FD /* en */,
			);
			name = InfoPlist.strings;
			sourceTree = "<group>";
		};
		01DF113A16EED736004E8E23 /* MainStoryboard.storyboard */ = {
			isa = PBXVariantGroup;
			children = (
				01DF113B16EED736004E8E23 /* en */,
			);
			name = MainStoryboard.storyboard;
			path = ..;
			sourceTree = "<group>";
		};
/* End PBXVariantGroup section */

/* Begin XCBuildConfiguration section */
		014B92FE16EB997D007F82FD /* Debug */ = {
			isa = XCBuildConfiguration;
			buildSettings = {
				ALWAYS_SEARCH_USER_PATHS = NO;
				CLANG_CXX_LANGUAGE_STANDARD = "gnu++0x";
				CLANG_CXX_LIBRARY = "libc++";
				CLANG_ENABLE_OBJC_ARC = YES;
				CLANG_WARN_EMPTY_BODY = YES;
				CLANG_WARN__DUPLICATE_METHOD_MATCH = YES;
				"CODE_SIGN_IDENTITY[sdk=iphoneos*]" = "iPhone Developer";
				COPY_PHASE_STRIP = NO;
				GCC_C_LANGUAGE_STANDARD = gnu99;
				GCC_DYNAMIC_NO_PIC = NO;
				GCC_OPTIMIZATION_LEVEL = 0;
				GCC_PREPROCESSOR_DEFINITIONS = (
					"DEBUG=1",
					"$(inherited)",
				);
				GCC_SYMBOLS_PRIVATE_EXTERN = NO;
				GCC_WARN_ABOUT_RETURN_TYPE = YES;
				GCC_WARN_UNINITIALIZED_AUTOS = YES;
				GCC_WARN_UNUSED_VARIABLE = YES;
				IPHONEOS_DEPLOYMENT_TARGET = 6.0;
				ONLY_ACTIVE_ARCH = YES;
				SDKROOT = iphoneos;
			};
			name = Debug;
		};
		014B92FF16EB997D007F82FD /* Release */ = {
			isa = XCBuildConfiguration;
			buildSettings = {
				ALWAYS_SEARCH_USER_PATHS = NO;
				CLANG_CXX_LANGUAGE_STANDARD = "gnu++0x";
				CLANG_CXX_LIBRARY = "libc++";
				CLANG_ENABLE_OBJC_ARC = YES;
				CLANG_WARN_EMPTY_BODY = YES;
				CLANG_WARN__DUPLICATE_METHOD_MATCH = YES;
				"CODE_SIGN_IDENTITY[sdk=iphoneos*]" = "iPhone Developer";
				COPY_PHASE_STRIP = YES;
				GCC_C_LANGUAGE_STANDARD = gnu99;
				GCC_WARN_ABOUT_RETURN_TYPE = YES;
				GCC_WARN_UNINITIALIZED_AUTOS = YES;
				GCC_WARN_UNUSED_VARIABLE = YES;
				IPHONEOS_DEPLOYMENT_TARGET = 6.0;
				OTHER_CFLAGS = "-DNS_BLOCK_ASSERTIONS=1";
				SDKROOT = iphoneos;
				VALIDATE_PRODUCT = YES;
			};
			name = Release;
		};
		014B930116EB997D007F82FD /* Debug */ = {
			isa = XCBuildConfiguration;
			buildSettings = {
				GCC_PRECOMPILE_PREFIX_HEADER = YES;
				GCC_PREFIX_HEADER = "iosChallenge/iosChallenge-Prefix.pch";
				INFOPLIST_FILE = "iosChallenge/iosChallenge-Info.plist";
				IPHONEOS_DEPLOYMENT_TARGET = 6.0;
				PRODUCT_NAME = "$(TARGET_NAME)";
				WRAPPER_EXTENSION = app;
			};
			name = Debug;
		};
		014B930216EB997D007F82FD /* Release */ = {
			isa = XCBuildConfiguration;
			buildSettings = {
				GCC_PRECOMPILE_PREFIX_HEADER = YES;
				GCC_PREFIX_HEADER = "iosChallenge/iosChallenge-Prefix.pch";
				INFOPLIST_FILE = "iosChallenge/iosChallenge-Info.plist";
				IPHONEOS_DEPLOYMENT_TARGET = 6.0;
				PRODUCT_NAME = "$(TARGET_NAME)";
				WRAPPER_EXTENSION = app;
			};
			name = Release;
		};
/* End XCBuildConfiguration section */

/* Begin XCConfigurationList section */
		014B92D616EB997D007F82FD /* Build configuration list for PBXProject "iosChallenge" */ = {
			isa = XCConfigurationList;
			buildConfigurations = (
				014B92FE16EB997D007F82FD /* Debug */,
				014B92FF16EB997D007F82FD /* Release */,
			);
			defaultConfigurationIsVisible = 0;
			defaultConfigurationName = Release;
		};
		014B930016EB997D007F82FD /* Build configuration list for PBXNativeTarget "iosChallenge" */ = {
			isa = XCConfigurationList;
			buildConfigurations = (
				014B930116EB997D007F82FD /* Debug */,
				014B930216EB997D007F82FD /* Release */,
			);
			defaultConfigurationIsVisible = 0;
			defaultConfigurationName = Release;
		};
/* End XCConfigurationList section */
	};
	rootObject = 014B92D316EB997D007F82FD /* Project object */;
}
